
Microsoft Visual Studio Solution File, Format Version 12.00
# Visual Studio Version 16
VisualStudioVersion = 16.0.30621.155
MinimumVisualStudioVersion = 10.0.40219.1
Project("{FAE04EC0-301F-11D3-BF4B-00C04F79EFBC}") = "curzi.lorenzo.Gatto.4H", "curzi.lorenzo.Gatto.4H\curzi.lorenzo.Gatto.4H.csproj", "{AF22A9D1-FDC0-4FF4-AC56-778C72212B7F}"
EndProject
Global
	GlobalSection(SolutionConfigurationPlatforms) = preSolution
		Debug|Any CPU = Debug|Any CPU
		Release|Any CPU = Release|Any CPU
	EndGlobalSection
	GlobalSection(ProjectConfigurationPlatforms) = postSolution
		{AF22A9D1-FDC0-4FF4-AC56-778C72212B7F}.Debug|Any CPU.ActiveCfg = Debug|Any CPU
		{AF22A9D1-FDC0-4FF4-AC56-778C72212B7F}.Debug|Any CPU.Build.0 = Debug|Any CPU
		{AF22A9D1-FDC0-4FF4-AC56-778C72212B7F}.Release|Any CPU.ActiveCfg = Release|Any CPU
		{AF22A9D1-FDC0-4FF4-AC56-778C72212B7F}.Release|Any CPU.Build.0 = Release|Any CPU
	EndGlobalSection
	GlobalSection(SolutionProperties) = preSolution
		HideSolutionNode = FALSE
	EndGlobalSection
	GlobalSection(ExtensibilityGlobals) = postSolution
		SolutionGuid = {9B01FDBC-23A1-4717-90B8-75F575394F4F}
	EndGlobalSection
EndGlobal
